schema: '2.0'
stages:
  data_ingestion:
    cmd: python src/cnnClassifier/pipeline/stage_01_data_ingestion.py
    deps:
    - path: config/config.yaml
      hash: md5
      md5: d6a59d48c7f5c604619571b20887eff0
      size: 816
    - path: src/cnnClassifier/pipeline/stage_01_data_ingestion.py
      hash: md5
      md5: 5db6621e70c6ae8339e242767075b258
      size: 906
    outs:
    - path: artifacts/data_ingestion/Chicken-fecal-images
      hash: md5
      md5: 9e1f8dd2eae3c29e9d635df89d438ae4.dir
      size: 12207807
      nfiles: 390
  prepare_base_model:
    cmd: python src/cnnClassifier/pipeline/stage_02_prepare_base_model.py
    deps:
    - path: config/config.yaml
      hash: md5
      md5: d6a59d48c7f5c604619571b20887eff0
      size: 816
    - path: src/cnnClassifier/pipeline/stage_02_prepare_base_model.py
      hash: md5
      md5: 6bbf3487b63a0935e888cfb10ffe5c5c
      size: 1001
    params:
      params.yaml:
        CLASSES: 2
        IMAGE_SIZE:
        - 224
        - 224
        - 3
        INCLUDE_TOP: false
        LEARNING_RATE: 0.01
        WEIGHTS: imagenet
    outs:
    - path: artifacts/prepare_base_model
      hash: md5
      md5: ad9add0e313a56796bfc615c94475315.dir
      size: 118059248
      nfiles: 2
  training:
    cmd: python src/cnnClassifier/pipeline/stage_03_training.py
    deps:
    - path: artifacts/data_ingestion/Chicken-fecal-images
      hash: md5
      md5: 9e1f8dd2eae3c29e9d635df89d438ae4.dir
      size: 12207807
      nfiles: 390
    - path: artifacts/prepare_base_model
      hash: md5
      md5: ad9add0e313a56796bfc615c94475315.dir
      size: 118059248
      nfiles: 2
    - path: config/config.yaml
      hash: md5
      md5: d6a59d48c7f5c604619571b20887eff0
      size: 816
    - path: src/cnnClassifier/components/prepare_callbacks.py
      hash: md5
      md5: 9125ef0e7270bf3ba56ea10044b839fc
      size: 1011
    - path: src/cnnClassifier/pipeline/stage_03_training.py
      hash: md5
      md5: cd7ec61167247e79ff6f7c2873c62028
      size: 1269
    params:
      params.yaml:
        AUGMENTATION: true
        BATCH_SIZE: 16
        EPOCHS: 2
        IMAGE_SIZE:
        - 224
        - 224
        - 3
    outs:
    - path: artifacts/training/model.h5
      hash: md5
      md5: 93f1bb696b698cef8a4cc0255f158350
      size: 59340720
  evaluation:
    cmd: python src/cnnClassifier/pipeline/stage_04_evaluation.py
    deps:
    - path: artifacts/data_ingestion/Chicken-fecal-images
      hash: md5
      md5: 9e1f8dd2eae3c29e9d635df89d438ae4.dir
      size: 12207807
      nfiles: 390
    - path: artifacts/training/model.h5
      hash: md5
      md5: 93f1bb696b698cef8a4cc0255f158350
      size: 59340720
    - path: config/config.yaml
      hash: md5
      md5: d6a59d48c7f5c604619571b20887eff0
      size: 816
    - path: src/cnnClassifier/pipeline/stage_04_evaluation.py
      hash: md5
      md5: 18d8a46a52eb6a0e625b1890cfa263c5
      size: 883
    params:
      params.yaml:
        BATCH_SIZE: 16
        IMAGE_SIZE:
        - 224
        - 224
        - 3
    outs:
    - path: scores.json
      hash: md5
      md5: 0071e8dde523d2855b3981f918a9005f
      size: 57
